PODS:
  - AWSCore (2.12.1)
  - AWSS3 (2.12.1):
    - AWSCore (= 2.12.1)
  - RxCocoa (5.0.1):
    - RxRelay (~> 5)
    - RxSwift (~> 5)
  - RxRelay (5.0.1):
    - RxSwift (~> 5)
  - RxSwift (5.0.1)

DEPENDENCIES:
  - AWSS3
  - RxCocoa
  - RxSwift

SPEC REPOS:
  https://github.com/cocoapods/specs.git:
    - AWSCore
    - AWSS3
    - RxCocoa
    - RxRelay
    - RxSwift

SPEC CHECKSUMS:
  AWSCore: 0a4431f74d9dbf084d420b887a6a21042b423c5c
  AWSS3: 640fad8279e2c5b02d803a82ff5dd6ee75d65c39
  RxCocoa: e741b9749968e8a143e2b787f1dfbff2b63d0a5c
  RxRelay: 89d54507f4fd4d969e6ec1d4bd7f3673640b4640
  RxSwift: e2dc62b366a3adf6a0be44ba9f405efd4c94e0c4

PODFILE CHECKSUM: fc3ca514b6ed821604197468ad8b5d3bfe1f01e6

COCOAPODS: 1.7.5
